
Microsoft Visual Studio Solution File, Format Version 12.00
# Visual Studio Version 17
VisualStudioVersion = 17.9.34714.143
MinimumVisualStudioVersion = 10.0.40219.1
Project("{FAE04EC0-301F-11D3-BF4B-00C04F79EFBC}") = "Robotico", "Robotico\Robotico.csproj", "{C35F810B-352F-496D-BFD7-98EF6B4B6533}"
EndProject
Global
	GlobalSection(SolutionConfigurationPlatforms) = preSolution
		Debug|Any CPU = Debug|Any CPU
		Release|Any CPU = Release|Any CPU
	EndGlobalSection
	GlobalSection(ProjectConfigurationPlatforms) = postSolution
		{C35F810B-352F-496D-BFD7-98EF6B4B6533}.Debug|Any CPU.ActiveCfg = Debug|Any CPU
		{C35F810B-352F-496D-BFD7-98EF6B4B6533}.Debug|Any CPU.Build.0 = Debug|Any CPU
		{C35F810B-352F-496D-BFD7-98EF6B4B6533}.Release|Any CPU.ActiveCfg = Release|Any CPU
		{C35F810B-352F-496D-BFD7-98EF6B4B6533}.Release|Any CPU.Build.0 = Release|Any CPU
	EndGlobalSection
	GlobalSection(SolutionProperties) = preSolution
		HideSolutionNode = FALSE
	EndGlobalSection
	GlobalSection(ExtensibilityGlobals) = postSolution
		SolutionGuid = {BCD8663E-8FCB-47A9-A7F4-1A3DBC9A33DC}
	EndGlobalSection
EndGlobal
